// !$*UTF8*$!
{
	archiveVersion = 1;
	classes = {
	};
	objectVersion = 46;
	objects = {

/* Begin PBXBuildFile section */
		6A0876C91CB3AD9400A66047 /* AppDelegate.swift in Sources */ = {isa = PBXBuildFile; fileRef = 6A0876C81CB3AD9400A66047 /* AppDelegate.swift */; };
		6A0876CB1CB3AD9400A66047 /* ViewController.swift in Sources */ = {isa = PBXBuildFile; fileRef = 6A0876CA1CB3AD9400A66047 /* ViewController.swift */; };
		6A0876CE1CB3AD9400A66047 /* Main.storyboard in Resources */ = {isa = PBXBuildFile; fileRef = 6A0876CC1CB3AD9400A66047 /* Main.storyboard */; };
		6A0876D31CB3AD9400A66047 /* Assets.xcassets in Resources */ = {isa = PBXBuildFile; fileRef = 6A0876D21CB3AD9400A66047 /* Assets.xcassets */; };
		6A0876D61CB3AD9400A66047 /* LaunchScreen.storyboard in Resources */ = {isa = PBXBuildFile; fileRef = 6A0876D41CB3AD9400A66047 /* LaunchScreen.storyboard */; };
		6A0876E11CB3AD9400A66047 /* huntForTheSwampAssTests.swift in Sources */ = {isa = PBXBuildFile; fileRef = 6A0876E01CB3AD9400A66047 /* huntForTheSwampAssTests.swift */; };
		6A0876EC1CB3B5FA00A66047 /* buttonsRow.swift in Sources */ = {isa = PBXBuildFile; fileRef = 6A0876EB1CB3B5FA00A66047 /* buttonsRow.swift */; };
		6A148DD71CB64A7400D994D4 /* DataModel.xcdatamodeld in Sources */ = {isa = PBXBuildFile; fileRef = 6A148DD51CB64A7400D994D4 /* DataModel.xcdatamodeld */; };
		6A6C5CA71CB664B400841E40 /* DataManager.swift in Sources */ = {isa = PBXBuildFile; fileRef = 6A6C5CA61CB664B400841E40 /* DataManager.swift */; };
		6A6C5CAA1CB6719500841E40 /* GameScreenViewController.swift in Sources */ = {isa = PBXBuildFile; fileRef = 6A6C5CA91CB6719500841E40 /* GameScreenViewController.swift */; };
		6A9076151CB5354C00068792 /* GameModeTableViewCell.swift in Sources */ = {isa = PBXBuildFile; fileRef = 6A9076141CB5354C00068792 /* GameModeTableViewCell.swift */; };
		6A9076171CB537BE00068792 /* GameModeTableViewController.swift in Sources */ = {isa = PBXBuildFile; fileRef = 6A9076161CB537BE00068792 /* GameModeTableViewController.swift */; };
		6A9076191CB5380900068792 /* GameMode.swift in Sources */ = {isa = PBXBuildFile; fileRef = 6A9076181CB5380900068792 /* GameMode.swift */; };
		6A90761B1CB5385100068792 /* Hunt.swift in Sources */ = {isa = PBXBuildFile; fileRef = 6A90761A1CB5385100068792 /* Hunt.swift */; };
		6A90761F1CB53C3600068792 /* HuntTableViewCell.swift in Sources */ = {isa = PBXBuildFile; fileRef = 6A90761E1CB53C3600068792 /* HuntTableViewCell.swift */; };
		6A9076211CB53D0700068792 /* HuntTableViewController.swift in Sources */ = {isa = PBXBuildFile; fileRef = 6A9076201CB53D0700068792 /* HuntTableViewController.swift */; };
/* End PBXBuildFile section */

/* Begin PBXContainerItemProxy section */
		6A0876DD1CB3AD9400A66047 /* PBXContainerItemProxy */ = {
			isa = PBXContainerItemProxy;
			containerPortal = 6A0876BD1CB3AD9400A66047 /* Project object */;
			proxyType = 1;
			remoteGlobalIDString = 6A0876C41CB3AD9400A66047;
			remoteInfo = huntForTheSwampAss;
		};
/* End PBXContainerItemProxy section */

/* Begin PBXFileReference section */
		6A0876C51CB3AD9400A66047 /* huntForTheSwampAss.app */ = {isa = PBXFileReference; explicitFileType = wrapper.application; includeInIndex = 0; path = huntForTheSwampAss.app; sourceTree = BUILT_PRODUCTS_DIR; };
		6A0876C81CB3AD9400A66047 /* AppDelegate.swift */ = {isa = PBXFileReference; lastKnownFileType = sourcecode.swift; path = AppDelegate.swift; sourceTree = "<group>"; };
		6A0876CA1CB3AD9400A66047 /* ViewController.swift */ = {isa = PBXFileReference; lastKnownFileType = sourcecode.swift; path = ViewController.swift; sourceTree = "<group>"; };
		6A0876CD1CB3AD9400A66047 /* Base */ = {isa = PBXFileReference; lastKnownFileType = file.storyboard; name = Base; path = Base.lproj/Main.storyboard; sourceTree = "<group>"; };
		6A0876D21CB3AD9400A66047 /* Assets.xcassets */ = {isa = PBXFileReference; lastKnownFileType = folder.assetcatalog; path = Assets.xcassets; sourceTree = "<group>"; };
		6A0876D51CB3AD9400A66047 /* Base */ = {isa = PBXFileReference; lastKnownFileType = file.storyboard; name = Base; path = Base.lproj/LaunchScreen.storyboard; sourceTree = "<group>"; };
		6A0876D71CB3AD9400A66047 /* Info.plist */ = {isa = PBXFileReference; lastKnownFileType = text.plist.xml; path = Info.plist; sourceTree = "<group>"; };
		6A0876DC1CB3AD9400A66047 /* huntForTheSwampAssTests.xctest */ = {isa = PBXFileReference; explicitFileType = wrapper.cfbundle; includeInIndex = 0; path = huntForTheSwampAssTests.xctest; sourceTree = BUILT_PRODUCTS_DIR; };
		6A0876E01CB3AD9400A66047 /* huntForTheSwampAssTests.swift */ = {isa = PBXFileReference; lastKnownFileType = sourcecode.swift; path = huntForTheSwampAssTests.swift; sourceTree = "<group>"; };
		6A0876E21CB3AD9400A66047 /* Info.plist */ = {isa = PBXFileReference; lastKnownFileType = text.plist.xml; path = Info.plist; sourceTree = "<group>"; };
		6A0876EB1CB3B5FA00A66047 /* buttonsRow.swift */ = {isa = PBXFileReference; fileEncoding = 4; lastKnownFileType = sourcecode.swift; path = buttonsRow.swift; sourceTree = "<group>"; };
		6A148DD61CB64A7400D994D4 /* DataModel.xcdatamodel */ = {isa = PBXFileReference; lastKnownFileType = wrapper.xcdatamodel; path = DataModel.xcdatamodel; sourceTree = "<group>"; };
		6A6C5CA61CB664B400841E40 /* DataManager.swift */ = {isa = PBXFileReference; fileEncoding = 4; lastKnownFileType = sourcecode.swift; path = DataManager.swift; sourceTree = "<group>"; };
		6A6C5CA91CB6719500841E40 /* GameScreenViewController.swift */ = {isa = PBXFileReference; fileEncoding = 4; lastKnownFileType = sourcecode.swift; path = GameScreenViewController.swift; sourceTree = "<group>"; };
		6A9076141CB5354C00068792 /* GameModeTableViewCell.swift */ = {isa = PBXFileReference; fileEncoding = 4; lastKnownFileType = sourcecode.swift; path = GameModeTableViewCell.swift; sourceTree = "<group>"; };
		6A9076161CB537BE00068792 /* GameModeTableViewController.swift */ = {isa = PBXFileReference; fileEncoding = 4; lastKnownFileType = sourcecode.swift; path = GameModeTableViewController.swift; sourceTree = "<group>"; };
		6A9076181CB5380900068792 /* GameMode.swift */ = {isa = PBXFileReference; fileEncoding = 4; lastKnownFileType = sourcecode.swift; path = GameMode.swift; sourceTree = "<group>"; };
		6A90761A1CB5385100068792 /* Hunt.swift */ = {isa = PBXFileReference; fileEncoding = 4; lastKnownFileType = sourcecode.swift; path = Hunt.swift; sourceTree = "<group>"; };
		6A90761E1CB53C3600068792 /* HuntTableViewCell.swift */ = {isa = PBXFileReference; fileEncoding = 4; lastKnownFileType = sourcecode.swift; path = HuntTableViewCell.swift; sourceTree = "<group>"; };
		6A9076201CB53D0700068792 /* HuntTableViewController.swift */ = {isa = PBXFileReference; fileEncoding = 4; lastKnownFileType = sourcecode.swift; path = HuntTableViewController.swift; sourceTree = "<group>"; };
/* End PBXFileReference section */

/* Begin PBXFrameworksBuildPhase section */
		6A0876C21CB3AD9400A66047 /* Frameworks */ = {
			isa = PBXFrameworksBuildPhase;
			buildActionMask = 2147483647;
			files = (
			);
			runOnlyForDeploymentPostprocessing = 0;
		};
		6A0876D91CB3AD9400A66047 /* Frameworks */ = {
			isa = PBXFrameworksBuildPhase;
			buildActionMask = 2147483647;
			files = (
			);
			runOnlyForDeploymentPostprocessing = 0;
		};
/* End PBXFrameworksBuildPhase section */

/* Begin PBXGroup section */
		6A0876BC1CB3AD9400A66047 = {
			isa = PBXGroup;
			children = (
				6A0876C71CB3AD9400A66047 /* huntForTheSwampAss */,
				6A0876DF1CB3AD9400A66047 /* huntForTheSwampAssTests */,
				6A0876C61CB3AD9400A66047 /* Products */,
			);
			sourceTree = "<group>";
		};
		6A0876C61CB3AD9400A66047 /* Products */ = {
			isa = PBXGroup;
			children = (
				6A0876C51CB3AD9400A66047 /* huntForTheSwampAss.app */,
				6A0876DC1CB3AD9400A66047 /* huntForTheSwampAssTests.xctest */,
			);
			name = Products;
			sourceTree = "<group>";
		};
		6A0876C71CB3AD9400A66047 /* huntForTheSwampAss */ = {
			isa = PBXGroup;
			children = (
				6A6C5CA81CB6717200841E40 /* GameScreen */,
				6A90761D1CB53BEA00068792 /* Hunt */,
				6A90761C1CB53BA000068792 /* GameMode */,
				6A0876C81CB3AD9400A66047 /* AppDelegate.swift */,
				6A148DD51CB64A7400D994D4 /* DataModel.xcdatamodeld */,
				6A0876CA1CB3AD9400A66047 /* ViewController.swift */,
				6A0876CC1CB3AD9400A66047 /* Main.storyboard */,
				6A0876D21CB3AD9400A66047 /* Assets.xcassets */,
				6A0876D41CB3AD9400A66047 /* LaunchScreen.storyboard */,
				6A0876D71CB3AD9400A66047 /* Info.plist */,
				6A0876EB1CB3B5FA00A66047 /* buttonsRow.swift */,
				6A6C5CA61CB664B400841E40 /* DataManager.swift */,
			);
			path = huntForTheSwampAss;
			sourceTree = "<group>";
		};
		6A0876DF1CB3AD9400A66047 /* huntForTheSwampAssTests */ = {
			isa = PBXGroup;
			children = (
				6A0876E01CB3AD9400A66047 /* huntForTheSwampAssTests.swift */,
				6A0876E21CB3AD9400A66047 /* Info.plist */,
			);
			path = huntForTheSwampAssTests;
			sourceTree = "<group>";
		};
		6A6C5CA81CB6717200841E40 /* GameScreen */ = {
			isa = PBXGroup;
			children = (
				6A6C5CA91CB6719500841E40 /* GameScreenViewController.swift */,
			);
			name = GameScreen;
			sourceTree = "<group>";
		};
		6A90761C1CB53BA000068792 /* GameMode */ = {
			isa = PBXGroup;
			children = (
				6A9076161CB537BE00068792 /* GameModeTableViewController.swift */,
				6A9076181CB5380900068792 /* GameMode.swift */,
				6A9076141CB5354C00068792 /* GameModeTableViewCell.swift */,
			);
			name = GameMode;
			sourceTree = "<group>";
		};
		6A90761D1CB53BEA00068792 /* Hunt */ = {
			isa = PBXGroup;
			children = (
				6A90761A1CB5385100068792 /* Hunt.swift */,
				6A90761E1CB53C3600068792 /* HuntTableViewCell.swift */,
				6A9076201CB53D0700068792 /* HuntTableViewController.swift */,
			);
			name = Hunt;
			sourceTree = "<group>";
		};
/* End PBXGroup section */

/* Begin PBXNativeTarget section */
		6A0876C41CB3AD9400A66047 /* huntForTheSwampAss */ = {
			isa = PBXNativeTarget;
			buildConfigurationList = 6A0876E51CB3AD9400A66047 /* Build configuration list for PBXNativeTarget "huntForTheSwampAss" */;
			buildPhases = (
				6A0876C11CB3AD9400A66047 /* Sources */,
				6A0876C21CB3AD9400A66047 /* Frameworks */,
				6A0876C31CB3AD9400A66047 /* Resources */,
			);
			buildRules = (
			);
			dependencies = (
			);
			name = huntForTheSwampAss;
			productName = huntForTheSwampAss;
			productReference = 6A0876C51CB3AD9400A66047 /* huntForTheSwampAss.app */;
			productType = "com.apple.product-type.application";
		};
		6A0876DB1CB3AD9400A66047 /* huntForTheSwampAssTests */ = {
			isa = PBXNativeTarget;
			buildConfigurationList = 6A0876E81CB3AD9400A66047 /* Build configuration list for PBXNativeTarget "huntForTheSwampAssTests" */;
			buildPhases = (
				6A0876D81CB3AD9400A66047 /* Sources */,
				6A0876D91CB3AD9400A66047 /* Frameworks */,
				6A0876DA1CB3AD9400A66047 /* Resources */,
			);
			buildRules = (
			);
			dependencies = (
				6A0876DE1CB3AD9400A66047 /* PBXTargetDependency */,
			);
			name = huntForTheSwampAssTests;
			productName = huntForTheSwampAssTests;
			productReference = 6A0876DC1CB3AD9400A66047 /* huntForTheSwampAssTests.xctest */;
			productType = "com.apple.product-type.bundle.unit-test";
		};
/* End PBXNativeTarget section */

/* Begin PBXProject section */
		6A0876BD1CB3AD9400A66047 /* Project object */ = {
			isa = PBXProject;
			attributes = {
				LastSwiftUpdateCheck = 0730;
				LastUpgradeCheck = 0730;
				ORGANIZATIONNAME = iosdev;
				TargetAttributes = {
					6A0876C41CB3AD9400A66047 = {
						CreatedOnToolsVersion = 7.3;
						DevelopmentTeam = 395RX3A9NB;
					};
					6A0876DB1CB3AD9400A66047 = {
						CreatedOnToolsVersion = 7.3;
						DevelopmentTeam = 395RX3A9NB;
						TestTargetID = 6A0876C41CB3AD9400A66047;
					};
				};
			};
			buildConfigurationList = 6A0876C01CB3AD9400A66047 /* Build configuration list for PBXProject "huntForTheSwampAss" */;
			compatibilityVersion = "Xcode 3.2";
			developmentRegion = English;
			hasScannedForEncodings = 0;
			knownRegions = (
				en,
				Base,
			);
			mainGroup = 6A0876BC1CB3AD9400A66047;
			productRefGroup = 6A0876C61CB3AD9400A66047 /* Products */;
			projectDirPath = "";
			projectRoot = "";
			targets = (
				6A0876C41CB3AD9400A66047 /* huntForTheSwampAss */,
				6A0876DB1CB3AD9400A66047 /* huntForTheSwampAssTests */,
			);
		};
/* End PBXProject section */

/* Begin PBXResourcesBuildPhase section */
		6A0876C31CB3AD9400A66047 /* Resources */ = {
			isa = PBXResourcesBuildPhase;
			buildActionMask = 2147483647;
			files = (
				6A0876D61CB3AD9400A66047 /* LaunchScreen.storyboard in Resources */,
				6A0876D31CB3AD9400A66047 /* Assets.xcassets in Resources */,
				6A0876CE1CB3AD9400A66047 /* Main.storyboard in Resources */,
			);
			runOnlyForDeploymentPostprocessing = 0;
		};
		6A0876DA1CB3AD9400A66047 /* Resources */ = {
			isa = PBXResourcesBuildPhase;
			buildActionMask = 2147483647;
			files = (
			);
			runOnlyForDeploymentPostprocessing = 0;
		};
/* End PBXResourcesBuildPhase section */

/* Begin PBXSourcesBuildPhase section */
		6A0876C11CB3AD9400A66047 /* Sources */ = {
			isa = PBXSourcesBuildPhase;
			buildActionMask = 2147483647;
			files = (
				6A148DD71CB64A7400D994D4 /* DataModel.xcdatamodeld in Sources */,
				6A0876CB1CB3AD9400A66047 /* ViewController.swift in Sources */,
				6A9076191CB5380900068792 /* GameMode.swift in Sources */,
				6A9076151CB5354C00068792 /* GameModeTableViewCell.swift in Sources */,
				6A9076171CB537BE00068792 /* GameModeTableViewController.swift in Sources */,
				6A9076211CB53D0700068792 /* HuntTableViewController.swift in Sources */,
				6A6C5CAA1CB6719500841E40 /* GameScreenViewController.swift in Sources */,
				6A90761B1CB5385100068792 /* Hunt.swift in Sources */,
				6A0876EC1CB3B5FA00A66047 /* buttonsRow.swift in Sources */,
				6A6C5CA71CB664B400841E40 /* DataManager.swift in Sources */,
				6A0876C91CB3AD9400A66047 /* AppDelegate.swift in Sources */,
				6A90761F1CB53C3600068792 /* HuntTableViewCell.swift in Sources */,
			);
			runOnlyForDeploymentPostprocessing = 0;
		};
		6A0876D81CB3AD9400A66047 /* Sources */ = {
			isa = PBXSourcesBuildPhase;
			buildActionMask = 2147483647;
			files = (
				6A0876E11CB3AD9400A66047 /* huntForTheSwampAssTests.swift in Sources */,
			);
			runOnlyForDeploymentPostprocessing = 0;
		};
/* End PBXSourcesBuildPhase section */

/* Begin PBXTargetDependency section */
		6A0876DE1CB3AD9400A66047 /* PBXTargetDependency */ = {
			isa = PBXTargetDependency;
			target = 6A0876C41CB3AD9400A66047 /* huntForTheSwampAss */;
			targetProxy = 6A0876DD1CB3AD9400A66047 /* PBXContainerItemProxy */;
		};
/* End PBXTargetDependency section */

/* Begin PBXVariantGroup section */
		6A0876CC1CB3AD9400A66047 /* Main.storyboard */ = {
			isa = PBXVariantGroup;
			children = (
				6A0876CD1CB3AD9400A66047 /* Base */,
			);
			name = Main.storyboard;
			sourceTree = "<group>";
		};
		6A0876D41CB3AD9400A66047 /* LaunchScreen.storyboard */ = {
			isa = PBXVariantGroup;
			children = (
				6A0876D51CB3AD9400A66047 /* Base */,
			);
			name = LaunchScreen.storyboard;
			sourceTree = "<group>";
		};
/* End PBXVariantGroup section */

/* Begin XCBuildConfiguration section */
		6A0876E31CB3AD9400A66047 /* Debug */ = {
			isa = XCBuildConfiguration;
			buildSettings = {
				ALWAYS_SEARCH_USER_PATHS = NO;
				CLANG_ANALYZER_NONNULL = YES;
				CLANG_CXX_LANGUAGE_STANDARD = "gnu++0x";
				CLANG_CXX_LIBRARY = "libc++";
				CLANG_ENABLE_MODULES = YES;
				CLANG_ENABLE_OBJC_ARC = YES;
				CLANG_WARN_BOOL_CONVERSION = YES;
				CLANG_WARN_CONSTANT_CONVERSION = YES;
				CLANG_WARN_DIRECT_OBJC_ISA_USAGE = YES_ERROR;
				CLANG_WARN_EMPTY_BODY = YES;
				CLANG_WARN_ENUM_CONVERSION = YES;
				CLANG_WARN_INT_CONVERSION = YES;
				CLANG_WARN_OBJC_ROOT_CLASS = YES_ERROR;
				CLANG_WARN_UNREACHABLE_CODE = YES;
				CLANG_WARN__DUPLICATE_METHOD_MATCH = YES;
				"CODE_SIGN_IDENTITY[sdk=iphoneos*]" = "iPhone Developer";
				COPY_PHASE_STRIP = NO;
				DEBUG_INFORMATION_FORMAT = dwarf;
				ENABLE_STRICT_OBJC_MSGSEND = YES;
				ENABLE_TESTABILITY = YES;
				GCC_C_LANGUAGE_STANDARD = gnu99;
				GCC_DYNAMIC_NO_PIC = NO;
				GCC_NO_COMMON_BLOCKS = YES;
				GCC_OPTIMIZATION_LEVEL = 0;
				GCC_PREPROCESSOR_DEFINITIONS = (
					"DEBUG=1",
					"$(inherited)",
				);
				GCC_WARN_64_TO_32_BIT_CONVERSION = YES;
				GCC_WARN_ABOUT_RETURN_TYPE = YES_ERROR;
				GCC_WARN_UNDECLARED_SELECTOR = YES;
				GCC_WARN_UNINITIALIZED_AUTOS = YES_AGGRESSIVE;
				GCC_WARN_UNUSED_FUNCTION = YES;
				GCC_WARN_UNUSED_VARIABLE = YES;
				IPHONEOS_DEPLOYMENT_TARGET = 9.3;
				MTL_ENABLE_DEBUG_INFO = YES;
				ONLY_ACTIVE_ARCH = YES;
				SDKROOT = iphoneos;
				SWIFT_OPTIMIZATION_LEVEL = "-Onone";
				TARGETED_DEVICE_FAMILY = "1,2";
			};
			name = Debug;
		};
		6A0876E41CB3AD9400A66047 /* Release */ = {
			isa = XCBuildConfiguration;
			buildSettings = {
				ALWAYS_SEARCH_USER_PATHS = NO;
				CLANG_ANALYZER_NONNULL = YES;
				CLANG_CXX_LANGUAGE_STANDARD = "gnu++0x";
				CLANG_CXX_LIBRARY = "libc++";
				CLANG_ENABLE_MODULES = YES;
				CLANG_ENABLE_OBJC_ARC = YES;
				CLANG_WARN_BOOL_CONVERSION = YES;
				CLANG_WARN_CONSTANT_CONVERSION = YES;
				CLANG_WARN_DIRECT_OBJC_ISA_USAGE = YES_ERROR;
				CLANG_WARN_EMPTY_BODY = YES;
				CLANG_WARN_ENUM_CONVERSION = YES;
				CLANG_WARN_INT_CONVERSION = YES;
				CLANG_WARN_OBJC_ROOT_CLASS = YES_ERROR;
				CLANG_WARN_UNREACHABLE_CODE = YES;
				CLANG_WARN__DUPLICATE_METHOD_MATCH = YES;
				"CODE_SIGN_IDENTITY[sdk=iphoneos*]" = "iPhone Developer";
				COPY_PHASE_STRIP = NO;
				DEBUG_INFORMATION_FORMAT = "dwarf-with-dsym";
				ENABLE_NS_ASSERTIONS = NO;
				ENABLE_STRICT_OBJC_MSGSEND = YES;
				GCC_C_LANGUAGE_STANDARD = gnu99;
				GCC_NO_COMMON_BLOCKS = YES;
				GCC_WARN_64_TO_32_BIT_CONVERSION = YES;
				GCC_WARN_ABOUT_RETURN_TYPE = YES_ERROR;
				GCC_WARN_UNDECLARED_SELECTOR = YES;
				GCC_WARN_UNINITIALIZED_AUTOS = YES_AGGRESSIVE;
				GCC_WARN_UNUSED_FUNCTION = YES;
				GCC_WARN_UNUSED_VARIABLE = YES;
				IPHONEOS_DEPLOYMENT_TARGET = 9.3;
				MTL_ENABLE_DEBUG_INFO = NO;
				SDKROOT = iphoneos;
				TARGETED_DEVICE_FAMILY = "1,2";
				VALIDATE_PRODUCT = YES;
			};
			name = Release;
		};
		6A0876E61CB3AD9400A66047 /* Debug */ = {
			isa = XCBuildConfiguration;
			buildSettings = {
				ASSETCATALOG_COMPILER_APPICON_NAME = AppIcon;
				INFOPLIST_FILE = huntForTheSwampAss/Info.plist;
				IPHONEOS_DEPLOYMENT_TARGET = 9.2;
				LD_RUNPATH_SEARCH_PATHS = "$(inherited) @executable_path/Frameworks";
				PRODUCT_BUNDLE_IDENTIFIER = isodev.example.huntForTheSwampAss;
				PRODUCT_NAME = "$(TARGET_NAME)";
			};
			name = Debug;
		};
		6A0876E71CB3AD9400A66047 /* Release */ = {
			isa = XCBuildConfiguration;
			buildSettings = {
				ASSETCATALOG_COMPILER_APPICON_NAME = AppIcon;
				INFOPLIST_FILE = huntForTheSwampAss/Info.plist;
				IPHONEOS_DEPLOYMENT_TARGET = 9.2;
				LD_RUNPATH_SEARCH_PATHS = "$(inherited) @executable_path/Frameworks";
				PRODUCT_BUNDLE_IDENTIFIER = isodev.example.huntForTheSwampAss;
				PRODUCT_NAME = "$(TARGET_NAME)";
			};
			name = Release;
		};
		6A0876E91CB3AD9400A66047 /* Debug */ = {
			isa = XCBuildConfiguration;
			buildSettings = {
				BUNDLE_LOADER = "$(TEST_HOST)";
				INFOPLIST_FILE = huntForTheSwampAssTests/Info.plist;
				LD_RUNPATH_SEARCH_PATHS = "$(inherited) @executable_path/Frameworks @loader_path/Frameworks";
				PRODUCT_BUNDLE_IDENTIFIER = isodev.example.huntForTheSwampAssTests;
				PRODUCT_NAME = "$(TARGET_NAME)";
				TEST_HOST = "$(BUILT_PRODUCTS_DIR)/huntForTheSwampAss.app/huntForTheSwampAss";
			};
			name = Debug;
		};
		6A0876EA1CB3AD9400A66047 /* Release */ = {
			isa = XCBuildConfiguration;
			buildSettings = {
				BUNDLE_LOADER = "$(TEST_HOST)";
				INFOPLIST_FILE = huntForTheSwampAssTests/Info.plist;
				LD_RUNPATH_SEARCH_PATHS = "$(inherited) @executable_path/Frameworks @loader_path/Frameworks";
				PRODUCT_BUNDLE_IDENTIFIER = isodev.example.huntForTheSwampAssTests;
				PRODUCT_NAME = "$(TARGET_NAME)";
				TEST_HOST = "$(BUILT_PRODUCTS_DIR)/huntForTheSwampAss.app/huntForTheSwampAss";
			};
			name = Release;
		};
/* End XCBuildConfiguration section */

/* Begin XCConfigurationList section */
		6A0876C01CB3AD9400A66047 /* Build configuration list for PBXProject "huntForTheSwampAss" */ = {
			isa = XCConfigurationList;
			buildConfigurations = (
				6A0876E31CB3AD9400A66047 /* Debug */,
				6A0876E41CB3AD9400A66047 /* Release */,
			);
			defaultConfigurationIsVisible = 0;
			defaultConfigurationName = Release;
		};
		6A0876E51CB3AD9400A66047 /* Build configuration list for PBXNativeTarget "huntForTheSwampAss" */ = {
			isa = XCConfigurationList;
			buildConfigurations = (
				6A0876E61CB3AD9400A66047 /* Debug */,
				6A0876E71CB3AD9400A66047 /* Release */,
			);
			defaultConfigurationIsVisible = 0;
			defaultConfigurationName = Release;
		};
		6A0876E81CB3AD9400A66047 /* Build configuration list for PBXNativeTarget "huntForTheSwampAssTests" */ = {
			isa = XCConfigurationList;
			buildConfigurations = (
				6A0876E91CB3AD9400A66047 /* Debug */,
				6A0876EA1CB3AD9400A66047 /* Release */,
			);
			defaultConfigurationIsVisible = 0;
			defaultConfigurationName = Release;
		};
/* End XCConfigurationList section */

/* Begin XCVersionGroup section */
		6A148DD51CB64A7400D994D4 /* DataModel.xcdatamodeld */ = {
			isa = XCVersionGroup;
			children = (
				6A148DD61CB64A7400D994D4 /* DataModel.xcdatamodel */,
			);
			currentVersion = 6A148DD61CB64A7400D994D4 /* DataModel.xcdatamodel */;
			path = DataModel.xcdatamodeld;
			sourceTree = "<group>";
			versionGroupType = wrapper.xcdatamodel;
		};
/* End XCVersionGroup section */
	};
	rootObject = 6A0876BD1CB3AD9400A66047 /* Project object */;
}
