// !$*UTF8*$!
{
	archiveVersion = 1;
	classes = {
	};
	objectVersion = 46;
	objects = {

/* Begin PBXBuildFile section */
		6A0876C91CB3AD9400A66047 /* AppDelegate.swift in Sources */ = {isa = PBXBuildFile; fileRef = 6A0876C81CB3AD9400A66047 /* AppDelegate.swift */; };
		6A0876CB1CB3AD9400A66047 /* ViewController.swift in Sources */ = {isa = PBXBuildFile; fileRef = 6A0876CA1CB3AD9400A66047 /* ViewController.swift */; };
		6A0876CE1CB3AD9400A66047 /* Main.storyboard in Resources */ = {isa = PBXBuildFile; fileRef = 6A0876CC1CB3AD9400A66047 /* Main.storyboard */; };
		6A0876D31CB3AD9400A66047 /* Assets.xcassets in Resources */ = {isa = PBXBuildFile; fileRef = 6A0876D21CB3AD9400A66047 /* Assets.xcassets */; };
		6A0876D61CB3AD9400A66047 /* LaunchScreen.storyboard in Resources */ = {isa = PBXBuildFile; fileRef = 6A0876D41CB3AD9400A66047 /* LaunchScreen.storyboard */; };
		6A0876E11CB3AD9400A66047 /* huntForTheSwampAssTests.swift in Sources */ = {isa = PBXBuildFile; fileRef = 6A0876E01CB3AD9400A66047 /* huntForTheSwampAssTests.swift */; };
		6A148DD71CB64A7400D994D4 /* DataModel.xcdatamodeld in Sources */ = {isa = PBXBuildFile; fileRef = 6A148DD51CB64A7400D994D4 /* DataModel.xcdatamodeld */; };
		6A161F011CCE195600C5EC03 /* ImageResizer.swift in Sources */ = {isa = PBXBuildFile; fileRef = 6A161F001CCE195600C5EC03 /* ImageResizer.swift */; };
		6A161F031CCE1B1D00C5EC03 /* LocationFoundMediaViewController.swift in Sources */ = {isa = PBXBuildFile; fileRef = 6A161F021CCE1B1D00C5EC03 /* LocationFoundMediaViewController.swift */; };
		6A161F051CCE413800C5EC03 /* SplashScreenViewController.swift in Sources */ = {isa = PBXBuildFile; fileRef = 6A161F041CCE413800C5EC03 /* SplashScreenViewController.swift */; };
		6A30C51E1CBB8FAA00C28AC6 /* gameController.swift in Sources */ = {isa = PBXBuildFile; fileRef = 6A30C51D1CBB8FAA00C28AC6 /* gameController.swift */; };
		6A30C5201CBBA62200C28AC6 /* beaconFinder.swift in Sources */ = {isa = PBXBuildFile; fileRef = 6A30C51F1CBBA62200C28AC6 /* beaconFinder.swift */; };
		6A3FC38F1CC77C5800B69E4F /* FullClueMediaViewController.swift in Sources */ = {isa = PBXBuildFile; fileRef = 6A3FC38E1CC77C5800B69E4F /* FullClueMediaViewController.swift */; };
		6A3FC3911CC78D8C00B69E4F /* CluesTableViewController.swift in Sources */ = {isa = PBXBuildFile; fileRef = 6A3FC3901CC78D8C00B69E4F /* CluesTableViewController.swift */; };
		6A65EA331CC4DADB006D7408 /* popupCreator.swift in Sources */ = {isa = PBXBuildFile; fileRef = 6A65EA321CC4DADB006D7408 /* popupCreator.swift */; };
		6A6C5CA71CB664B400841E40 /* DataManager.swift in Sources */ = {isa = PBXBuildFile; fileRef = 6A6C5CA61CB664B400841E40 /* DataManager.swift */; };
		6A6C5CAA1CB6719500841E40 /* GameScreenViewController.swift in Sources */ = {isa = PBXBuildFile; fileRef = 6A6C5CA91CB6719500841E40 /* GameScreenViewController.swift */; };
		6A6C5CAC1CB6854000841E40 /* GameScreenTabBarController.swift in Sources */ = {isa = PBXBuildFile; fileRef = 6A6C5CAB1CB6854000841E40 /* GameScreenTabBarController.swift */; };
		6A6C5CB11CB6893800841E40 /* GameScreenCluesTableViewCell.swift in Sources */ = {isa = PBXBuildFile; fileRef = 6A6C5CB01CB6893800841E40 /* GameScreenCluesTableViewCell.swift */; };
		6A6C5CB71CB68D5900841E40 /* GameScreenClueViewController.swift in Sources */ = {isa = PBXBuildFile; fileRef = 6A6C5CB61CB68D5900841E40 /* GameScreenClueViewController.swift */; };
		6A6D7C271CBE366800C14BA1 /* viewObeserverProtocol.swift in Sources */ = {isa = PBXBuildFile; fileRef = 6A6D7C261CBE366800C14BA1 /* viewObeserverProtocol.swift */; };
		6A6D7C291CBE4F0800C14BA1 /* NewLocationViewController.swift in Sources */ = {isa = PBXBuildFile; fileRef = 6A6D7C281CBE4F0800C14BA1 /* NewLocationViewController.swift */; };
		6A6D98261CB7B34800C7989D /* HuntCompletion+CoreDataProperties.swift in Sources */ = {isa = PBXBuildFile; fileRef = 6A6D98121CB7B34800C7989D /* HuntCompletion+CoreDataProperties.swift */; };
		6A6D98271CB7B34800C7989D /* HuntCompletion.swift in Sources */ = {isa = PBXBuildFile; fileRef = 6A6D98131CB7B34800C7989D /* HuntCompletion.swift */; };
		6A6D98281CB7B34800C7989D /* ImageClue+CoreDataProperties.swift in Sources */ = {isa = PBXBuildFile; fileRef = 6A6D98141CB7B34800C7989D /* ImageClue+CoreDataProperties.swift */; };
		6A6D98291CB7B34800C7989D /* ImageClue.swift in Sources */ = {isa = PBXBuildFile; fileRef = 6A6D98151CB7B34800C7989D /* ImageClue.swift */; };
		6A6D982A1CB7B34800C7989D /* Beacon+CoreDataProperties.swift in Sources */ = {isa = PBXBuildFile; fileRef = 6A6D98161CB7B34800C7989D /* Beacon+CoreDataProperties.swift */; };
		6A6D982B1CB7B34800C7989D /* Beacon.swift in Sources */ = {isa = PBXBuildFile; fileRef = 6A6D98171CB7B34800C7989D /* Beacon.swift */; };
		6A6D982C1CB7B34800C7989D /* GameMode+CoreDataProperties.swift in Sources */ = {isa = PBXBuildFile; fileRef = 6A6D98181CB7B34800C7989D /* GameMode+CoreDataProperties.swift */; };
		6A6D982D1CB7B34800C7989D /* GameMode.swift in Sources */ = {isa = PBXBuildFile; fileRef = 6A6D98191CB7B34800C7989D /* GameMode.swift */; };
		6A6D982F1CB7B34800C7989D /* Hunt.swift in Sources */ = {isa = PBXBuildFile; fileRef = 6A6D981B1CB7B34800C7989D /* Hunt.swift */; };
		6A6D98301CB7B34800C7989D /* LocationCompletion+CoreDataProperties.swift in Sources */ = {isa = PBXBuildFile; fileRef = 6A6D981C1CB7B34800C7989D /* LocationCompletion+CoreDataProperties.swift */; };
		6A6D98311CB7B34800C7989D /* LocationCompletion.swift in Sources */ = {isa = PBXBuildFile; fileRef = 6A6D981D1CB7B34800C7989D /* LocationCompletion.swift */; };
		6A6D98321CB7B34800C7989D /* Completion+CoreDataProperties.swift in Sources */ = {isa = PBXBuildFile; fileRef = 6A6D981E1CB7B34800C7989D /* Completion+CoreDataProperties.swift */; };
		6A6D98331CB7B34800C7989D /* Completion.swift in Sources */ = {isa = PBXBuildFile; fileRef = 6A6D981F1CB7B34800C7989D /* Completion.swift */; };
		6A6D98341CB7B34800C7989D /* MapClue+CoreDataProperties.swift in Sources */ = {isa = PBXBuildFile; fileRef = 6A6D98201CB7B34800C7989D /* MapClue+CoreDataProperties.swift */; };
		6A6D98351CB7B34800C7989D /* MapClue.swift in Sources */ = {isa = PBXBuildFile; fileRef = 6A6D98211CB7B34800C7989D /* MapClue.swift */; };
		6A6D98361CB7B34800C7989D /* Clue+CoreDataProperties.swift in Sources */ = {isa = PBXBuildFile; fileRef = 6A6D98221CB7B34800C7989D /* Clue+CoreDataProperties.swift */; };
		6A6D98371CB7B34800C7989D /* Clue.swift in Sources */ = {isa = PBXBuildFile; fileRef = 6A6D98231CB7B34800C7989D /* Clue.swift */; };
		6A6D98381CB7B34800C7989D /* Location+CoreDataProperties.swift in Sources */ = {isa = PBXBuildFile; fileRef = 6A6D98241CB7B34800C7989D /* Location+CoreDataProperties.swift */; };
		6A6D98391CB7B34800C7989D /* Location.swift in Sources */ = {isa = PBXBuildFile; fileRef = 6A6D98251CB7B34800C7989D /* Location.swift */; };
		6A6D983E1CB7C24E00C7989D /* Hunt+CoreDataProperties.swift in Sources */ = {isa = PBXBuildFile; fileRef = 6A6D983D1CB7C24E00C7989D /* Hunt+CoreDataProperties.swift */; };
		6A82CA6D1CC4FB7400707D01 /* HTTPRequestController.swift in Sources */ = {isa = PBXBuildFile; fileRef = 6A82CA6C1CC4FB7400707D01 /* HTTPRequestController.swift */; };
		6A82CA6F1CC5023100707D01 /* JsonParser.swift in Sources */ = {isa = PBXBuildFile; fileRef = 6A82CA6E1CC5023100707D01 /* JsonParser.swift */; };
		6A9076151CB5354C00068792 /* GameModeTableViewCell.swift in Sources */ = {isa = PBXBuildFile; fileRef = 6A9076141CB5354C00068792 /* GameModeTableViewCell.swift */; };
		6A9076171CB537BE00068792 /* GameModeTableViewController.swift in Sources */ = {isa = PBXBuildFile; fileRef = 6A9076161CB537BE00068792 /* GameModeTableViewController.swift */; };
		6A90761F1CB53C3600068792 /* HuntTableViewCell.swift in Sources */ = {isa = PBXBuildFile; fileRef = 6A90761E1CB53C3600068792 /* HuntTableViewCell.swift */; };
		6A9076211CB53D0700068792 /* HuntTableViewController.swift in Sources */ = {isa = PBXBuildFile; fileRef = 6A9076201CB53D0700068792 /* HuntTableViewController.swift */; };
		6A9FAEF51CBD037600D74C8B /* HuntObject.swift in Sources */ = {isa = PBXBuildFile; fileRef = 6A9FAEF41CBD037600D74C8B /* HuntObject.swift */; };
		6A9FAEF81CBD052500D74C8B /* LocationObject.swift in Sources */ = {isa = PBXBuildFile; fileRef = 6A9FAEF71CBD052500D74C8B /* LocationObject.swift */; };
		6A9FAEFB1CBD0C7000D74C8B /* ClueObject.swift in Sources */ = {isa = PBXBuildFile; fileRef = 6A9FAEFA1CBD0C7000D74C8B /* ClueObject.swift */; };
		6A9FAEFD1CBD0CE100D74C8B /* BeaconObject.swift in Sources */ = {isa = PBXBuildFile; fileRef = 6A9FAEFC1CBD0CE100D74C8B /* BeaconObject.swift */; };
		6A9FAEFF1CBD0F8700D74C8B /* GameModeObject.swift in Sources */ = {isa = PBXBuildFile; fileRef = 6A9FAEFE1CBD0F8700D74C8B /* GameModeObject.swift */; };
		6A9FAF021CBD23F000D74C8B /* FullClueViewController.swift in Sources */ = {isa = PBXBuildFile; fileRef = 6A9FAF011CBD23F000D74C8B /* FullClueViewController.swift */; };
		6AF847821CBE23E8008DB3AE /* GameScreenCluesLockedTableViewCell.swift in Sources */ = {isa = PBXBuildFile; fileRef = 6AF847811CBE23E8008DB3AE /* GameScreenCluesLockedTableViewCell.swift */; };
		6AFADF001CC8BE9800F0B38C /* TestImageContainerViewController.swift in Sources */ = {isa = PBXBuildFile; fileRef = 6AFADEFF1CC8BE9800F0B38C /* TestImageContainerViewController.swift */; };
		6AFADF021CC8E4BC00F0B38C /* HuntCompletionViewController.swift in Sources */ = {isa = PBXBuildFile; fileRef = 6AFADF011CC8E4BC00F0B38C /* HuntCompletionViewController.swift */; };
/* End PBXBuildFile section */

/* Begin PBXContainerItemProxy section */
		6A0876DD1CB3AD9400A66047 /* PBXContainerItemProxy */ = {
			isa = PBXContainerItemProxy;
			containerPortal = 6A0876BD1CB3AD9400A66047 /* Project object */;
			proxyType = 1;
			remoteGlobalIDString = 6A0876C41CB3AD9400A66047;
			remoteInfo = huntForTheSwampAss;
		};
/* End PBXContainerItemProxy section */

/* Begin PBXFileReference section */
		6A0876C51CB3AD9400A66047 /* Hunt for the Swamp Ass.app */ = {isa = PBXFileReference; explicitFileType = wrapper.application; includeInIndex = 0; path = "Hunt for the Swamp Ass.app"; sourceTree = BUILT_PRODUCTS_DIR; };
		6A0876C81CB3AD9400A66047 /* AppDelegate.swift */ = {isa = PBXFileReference; lastKnownFileType = sourcecode.swift; name = AppDelegate.swift; path = huntForTheSwampAss/AppDelegate.swift; sourceTree = "<group>"; };
		6A0876CA1CB3AD9400A66047 /* ViewController.swift */ = {isa = PBXFileReference; lastKnownFileType = sourcecode.swift; name = ViewController.swift; path = huntForTheSwampAss/ViewController.swift; sourceTree = "<group>"; };
		6A0876CD1CB3AD9400A66047 /* Base */ = {isa = PBXFileReference; lastKnownFileType = file.storyboard; name = Base; path = Base.lproj/Main.storyboard; sourceTree = "<group>"; };
		6A0876D21CB3AD9400A66047 /* Assets.xcassets */ = {isa = PBXFileReference; lastKnownFileType = folder.assetcatalog; name = Assets.xcassets; path = huntForTheSwampAss/Assets.xcassets; sourceTree = "<group>"; };
		6A0876D51CB3AD9400A66047 /* Base */ = {isa = PBXFileReference; lastKnownFileType = file.storyboard; name = Base; path = Base.lproj/LaunchScreen.storyboard; sourceTree = "<group>"; };
		6A0876D71CB3AD9400A66047 /* Info.plist */ = {isa = PBXFileReference; lastKnownFileType = text.plist.xml; name = Info.plist; path = huntForTheSwampAss/Info.plist; sourceTree = "<group>"; };
		6A0876DC1CB3AD9400A66047 /* huntForTheSwampAssTests.xctest */ = {isa = PBXFileReference; explicitFileType = wrapper.cfbundle; includeInIndex = 0; path = huntForTheSwampAssTests.xctest; sourceTree = BUILT_PRODUCTS_DIR; };
		6A0876E01CB3AD9400A66047 /* huntForTheSwampAssTests.swift */ = {isa = PBXFileReference; lastKnownFileType = sourcecode.swift; path = huntForTheSwampAssTests.swift; sourceTree = "<group>"; };
		6A0876E21CB3AD9400A66047 /* Info.plist */ = {isa = PBXFileReference; lastKnownFileType = text.plist.xml; path = Info.plist; sourceTree = "<group>"; };
		6A148DD61CB64A7400D994D4 /* DataModel.xcdatamodel */ = {isa = PBXFileReference; lastKnownFileType = wrapper.xcdatamodel; path = DataModel.xcdatamodel; sourceTree = "<group>"; };
		6A161F001CCE195600C5EC03 /* ImageResizer.swift */ = {isa = PBXFileReference; fileEncoding = 4; lastKnownFileType = sourcecode.swift; path = ImageResizer.swift; sourceTree = "<group>"; };
		6A161F021CCE1B1D00C5EC03 /* LocationFoundMediaViewController.swift */ = {isa = PBXFileReference; fileEncoding = 4; lastKnownFileType = sourcecode.swift; path = LocationFoundMediaViewController.swift; sourceTree = "<group>"; };
		6A161F041CCE413800C5EC03 /* SplashScreenViewController.swift */ = {isa = PBXFileReference; fileEncoding = 4; lastKnownFileType = sourcecode.swift; path = SplashScreenViewController.swift; sourceTree = "<group>"; };
		6A30C51D1CBB8FAA00C28AC6 /* gameController.swift */ = {isa = PBXFileReference; fileEncoding = 4; lastKnownFileType = sourcecode.swift; name = gameController.swift; path = huntForTheSwampAss/gameController.swift; sourceTree = "<group>"; };
		6A30C51F1CBBA62200C28AC6 /* beaconFinder.swift */ = {isa = PBXFileReference; fileEncoding = 4; lastKnownFileType = sourcecode.swift; name = beaconFinder.swift; path = huntForTheSwampAss/beaconFinder.swift; sourceTree = "<group>"; };
		6A3FC38E1CC77C5800B69E4F /* FullClueMediaViewController.swift */ = {isa = PBXFileReference; fileEncoding = 4; lastKnownFileType = sourcecode.swift; path = FullClueMediaViewController.swift; sourceTree = "<group>"; };
		6A3FC3901CC78D8C00B69E4F /* CluesTableViewController.swift */ = {isa = PBXFileReference; fileEncoding = 4; lastKnownFileType = sourcecode.swift; path = CluesTableViewController.swift; sourceTree = "<group>"; };
		6A65EA321CC4DADB006D7408 /* popupCreator.swift */ = {isa = PBXFileReference; fileEncoding = 4; lastKnownFileType = sourcecode.swift; path = popupCreator.swift; sourceTree = "<group>"; };
		6A6C5CA61CB664B400841E40 /* DataManager.swift */ = {isa = PBXFileReference; fileEncoding = 4; lastKnownFileType = sourcecode.swift; name = DataManager.swift; path = huntForTheSwampAss/DataManager.swift; sourceTree = "<group>"; };
		6A6C5CA91CB6719500841E40 /* GameScreenViewController.swift */ = {isa = PBXFileReference; fileEncoding = 4; lastKnownFileType = sourcecode.swift; path = GameScreenViewController.swift; sourceTree = "<group>"; };
		6A6C5CAB1CB6854000841E40 /* GameScreenTabBarController.swift */ = {isa = PBXFileReference; fileEncoding = 4; lastKnownFileType = sourcecode.swift; path = GameScreenTabBarController.swift; sourceTree = "<group>"; };
		6A6C5CB01CB6893800841E40 /* GameScreenCluesTableViewCell.swift */ = {isa = PBXFileReference; fileEncoding = 4; lastKnownFileType = sourcecode.swift; path = GameScreenCluesTableViewCell.swift; sourceTree = "<group>"; };
		6A6C5CB61CB68D5900841E40 /* GameScreenClueViewController.swift */ = {isa = PBXFileReference; fileEncoding = 4; lastKnownFileType = sourcecode.swift; path = GameScreenClueViewController.swift; sourceTree = "<group>"; };
		6A6D7C261CBE366800C14BA1 /* viewObeserverProtocol.swift */ = {isa = PBXFileReference; fileEncoding = 4; lastKnownFileType = sourcecode.swift; path = viewObeserverProtocol.swift; sourceTree = "<group>"; };
		6A6D7C281CBE4F0800C14BA1 /* NewLocationViewController.swift */ = {isa = PBXFileReference; fileEncoding = 4; lastKnownFileType = sourcecode.swift; path = NewLocationViewController.swift; sourceTree = "<group>"; };
		6A6D98121CB7B34800C7989D /* HuntCompletion+CoreDataProperties.swift */ = {isa = PBXFileReference; fileEncoding = 4; lastKnownFileType = sourcecode.swift; path = "HuntCompletion+CoreDataProperties.swift"; sourceTree = "<group>"; };
		6A6D98131CB7B34800C7989D /* HuntCompletion.swift */ = {isa = PBXFileReference; fileEncoding = 4; lastKnownFileType = sourcecode.swift; path = HuntCompletion.swift; sourceTree = "<group>"; };
		6A6D98141CB7B34800C7989D /* ImageClue+CoreDataProperties.swift */ = {isa = PBXFileReference; fileEncoding = 4; lastKnownFileType = sourcecode.swift; path = "ImageClue+CoreDataProperties.swift"; sourceTree = "<group>"; };
		6A6D98151CB7B34800C7989D /* ImageClue.swift */ = {isa = PBXFileReference; fileEncoding = 4; lastKnownFileType = sourcecode.swift; path = ImageClue.swift; sourceTree = "<group>"; };
		6A6D98161CB7B34800C7989D /* Beacon+CoreDataProperties.swift */ = {isa = PBXFileReference; fileEncoding = 4; lastKnownFileType = sourcecode.swift; path = "Beacon+CoreDataProperties.swift"; sourceTree = "<group>"; };
		6A6D98171CB7B34800C7989D /* Beacon.swift */ = {isa = PBXFileReference; fileEncoding = 4; lastKnownFileType = sourcecode.swift; path = Beacon.swift; sourceTree = "<group>"; };
		6A6D98181CB7B34800C7989D /* GameMode+CoreDataProperties.swift */ = {isa = PBXFileReference; fileEncoding = 4; lastKnownFileType = sourcecode.swift; path = "GameMode+CoreDataProperties.swift"; sourceTree = "<group>"; };
		6A6D98191CB7B34800C7989D /* GameMode.swift */ = {isa = PBXFileReference; fileEncoding = 4; lastKnownFileType = sourcecode.swift; path = GameMode.swift; sourceTree = "<group>"; };
		6A6D981B1CB7B34800C7989D /* Hunt.swift */ = {isa = PBXFileReference; fileEncoding = 4; lastKnownFileType = sourcecode.swift; path = Hunt.swift; sourceTree = "<group>"; };
		6A6D981C1CB7B34800C7989D /* LocationCompletion+CoreDataProperties.swift */ = {isa = PBXFileReference; fileEncoding = 4; lastKnownFileType = sourcecode.swift; path = "LocationCompletion+CoreDataProperties.swift"; sourceTree = "<group>"; };
		6A6D981D1CB7B34800C7989D /* LocationCompletion.swift */ = {isa = PBXFileReference; fileEncoding = 4; lastKnownFileType = sourcecode.swift; path = LocationCompletion.swift; sourceTree = "<group>"; };
		6A6D981E1CB7B34800C7989D /* Completion+CoreDataProperties.swift */ = {isa = PBXFileReference; fileEncoding = 4; lastKnownFileType = sourcecode.swift; path = "Completion+CoreDataProperties.swift"; sourceTree = "<group>"; };
		6A6D981F1CB7B34800C7989D /* Completion.swift */ = {isa = PBXFileReference; fileEncoding = 4; lastKnownFileType = sourcecode.swift; path = Completion.swift; sourceTree = "<group>"; };
		6A6D98201CB7B34800C7989D /* MapClue+CoreDataProperties.swift */ = {isa = PBXFileReference; fileEncoding = 4; lastKnownFileType = sourcecode.swift; path = "MapClue+CoreDataProperties.swift"; sourceTree = "<group>"; };
		6A6D98211CB7B34800C7989D /* MapClue.swift */ = {isa = PBXFileReference; fileEncoding = 4; lastKnownFileType = sourcecode.swift; path = MapClue.swift; sourceTree = "<group>"; };
		6A6D98221CB7B34800C7989D /* Clue+CoreDataProperties.swift */ = {isa = PBXFileReference; fileEncoding = 4; lastKnownFileType = sourcecode.swift; path = "Clue+CoreDataProperties.swift"; sourceTree = "<group>"; };
		6A6D98231CB7B34800C7989D /* Clue.swift */ = {isa = PBXFileReference; fileEncoding = 4; lastKnownFileType = sourcecode.swift; path = Clue.swift; sourceTree = "<group>"; };
		6A6D98241CB7B34800C7989D /* Location+CoreDataProperties.swift */ = {isa = PBXFileReference; fileEncoding = 4; lastKnownFileType = sourcecode.swift; path = "Location+CoreDataProperties.swift"; sourceTree = "<group>"; };
		6A6D98251CB7B34800C7989D /* Location.swift */ = {isa = PBXFileReference; fileEncoding = 4; lastKnownFileType = sourcecode.swift; path = Location.swift; sourceTree = "<group>"; };
		6A6D983D1CB7C24E00C7989D /* Hunt+CoreDataProperties.swift */ = {isa = PBXFileReference; fileEncoding = 4; lastKnownFileType = sourcecode.swift; path = "Hunt+CoreDataProperties.swift"; sourceTree = "<group>"; };
		6A82CA6C1CC4FB7400707D01 /* HTTPRequestController.swift */ = {isa = PBXFileReference; fileEncoding = 4; lastKnownFileType = sourcecode.swift; path = HTTPRequestController.swift; sourceTree = "<group>"; };
		6A82CA6E1CC5023100707D01 /* JsonParser.swift */ = {isa = PBXFileReference; fileEncoding = 4; lastKnownFileType = sourcecode.swift; path = JsonParser.swift; sourceTree = "<group>"; };
		6A9076141CB5354C00068792 /* GameModeTableViewCell.swift */ = {isa = PBXFileReference; fileEncoding = 4; lastKnownFileType = sourcecode.swift; path = GameModeTableViewCell.swift; sourceTree = "<group>"; };
		6A9076161CB537BE00068792 /* GameModeTableViewController.swift */ = {isa = PBXFileReference; fileEncoding = 4; lastKnownFileType = sourcecode.swift; path = GameModeTableViewController.swift; sourceTree = "<group>"; };
		6A90761E1CB53C3600068792 /* HuntTableViewCell.swift */ = {isa = PBXFileReference; fileEncoding = 4; lastKnownFileType = sourcecode.swift; path = HuntTableViewCell.swift; sourceTree = "<group>"; };
		6A9076201CB53D0700068792 /* HuntTableViewController.swift */ = {isa = PBXFileReference; fileEncoding = 4; lastKnownFileType = sourcecode.swift; path = HuntTableViewController.swift; sourceTree = "<group>"; };
		6A9FAEF41CBD037600D74C8B /* HuntObject.swift */ = {isa = PBXFileReference; fileEncoding = 4; lastKnownFileType = sourcecode.swift; path = HuntObject.swift; sourceTree = "<group>"; };
		6A9FAEF71CBD052500D74C8B /* LocationObject.swift */ = {isa = PBXFileReference; fileEncoding = 4; lastKnownFileType = sourcecode.swift; path = LocationObject.swift; sourceTree = "<group>"; };
		6A9FAEFA1CBD0C7000D74C8B /* ClueObject.swift */ = {isa = PBXFileReference; fileEncoding = 4; lastKnownFileType = sourcecode.swift; path = ClueObject.swift; sourceTree = "<group>"; };
		6A9FAEFC1CBD0CE100D74C8B /* BeaconObject.swift */ = {isa = PBXFileReference; fileEncoding = 4; lastKnownFileType = sourcecode.swift; path = BeaconObject.swift; sourceTree = "<group>"; };
		6A9FAEFE1CBD0F8700D74C8B /* GameModeObject.swift */ = {isa = PBXFileReference; fileEncoding = 4; lastKnownFileType = sourcecode.swift; path = GameModeObject.swift; sourceTree = "<group>"; };
		6A9FAF011CBD23F000D74C8B /* FullClueViewController.swift */ = {isa = PBXFileReference; fileEncoding = 4; lastKnownFileType = sourcecode.swift; path = FullClueViewController.swift; sourceTree = "<group>"; };
		6AF847811CBE23E8008DB3AE /* GameScreenCluesLockedTableViewCell.swift */ = {isa = PBXFileReference; fileEncoding = 4; lastKnownFileType = sourcecode.swift; path = GameScreenCluesLockedTableViewCell.swift; sourceTree = "<group>"; };
		6AFADEFF1CC8BE9800F0B38C /* TestImageContainerViewController.swift */ = {isa = PBXFileReference; fileEncoding = 4; lastKnownFileType = sourcecode.swift; path = TestImageContainerViewController.swift; sourceTree = "<group>"; };
		6AFADF011CC8E4BC00F0B38C /* HuntCompletionViewController.swift */ = {isa = PBXFileReference; fileEncoding = 4; lastKnownFileType = sourcecode.swift; path = HuntCompletionViewController.swift; sourceTree = "<group>"; };
/* End PBXFileReference section */

/* Begin PBXFrameworksBuildPhase section */
		6A0876C21CB3AD9400A66047 /* Frameworks */ = {
			isa = PBXFrameworksBuildPhase;
			buildActionMask = 2147483647;
			files = (
			);
			runOnlyForDeploymentPostprocessing = 0;
		};
		6A0876D91CB3AD9400A66047 /* Frameworks */ = {
			isa = PBXFrameworksBuildPhase;
			buildActionMask = 2147483647;
			files = (
			);
			runOnlyForDeploymentPostprocessing = 0;
		};
/* End PBXFrameworksBuildPhase section */

/* Begin PBXGroup section */
		6A0876BC1CB3AD9400A66047 = {
			isa = PBXGroup;
			children = (
				6A9FAF001CBD165D00D74C8B /* Main Stufs */,
				6A6D983A1CB7B35300C7989D /* CoreData */,
				6A0876C71CB3AD9400A66047 /* huntForTheSwampAss */,
				6A0876DF1CB3AD9400A66047 /* huntForTheSwampAssTests */,
				6A0876C61CB3AD9400A66047 /* Products */,
			);
			sourceTree = "<group>";
		};
		6A0876C61CB3AD9400A66047 /* Products */ = {
			isa = PBXGroup;
			children = (
				6A0876C51CB3AD9400A66047 /* Hunt for the Swamp Ass.app */,
				6A0876DC1CB3AD9400A66047 /* huntForTheSwampAssTests.xctest */,
			);
			name = Products;
			sourceTree = "<group>";
		};
		6A0876C71CB3AD9400A66047 /* huntForTheSwampAss */ = {
			isa = PBXGroup;
			children = (
				6A6D7C2A1CBE53ED00C14BA1 /* NewLocation */,
				6A9FAEF61CBD051600D74C8B /* Location */,
				6A6C5CA81CB6717200841E40 /* GameScreen */,
				6A90761D1CB53BEA00068792 /* Hunt */,
				6A90761C1CB53BA000068792 /* GameMode */,
			);
			path = huntForTheSwampAss;
			sourceTree = "<group>";
		};
		6A0876DF1CB3AD9400A66047 /* huntForTheSwampAssTests */ = {
			isa = PBXGroup;
			children = (
				6A0876E01CB3AD9400A66047 /* huntForTheSwampAssTests.swift */,
				6A0876E21CB3AD9400A66047 /* Info.plist */,
			);
			path = huntForTheSwampAssTests;
			sourceTree = "<group>";
		};
		6A3FC38D1CC77C0700B69E4F /* FullClue */ = {
			isa = PBXGroup;
			children = (
				6A9FAF011CBD23F000D74C8B /* FullClueViewController.swift */,
				6A3FC38E1CC77C5800B69E4F /* FullClueMediaViewController.swift */,
			);
			name = FullClue;
			sourceTree = "<group>";
		};
		6A6C5CA81CB6717200841E40 /* GameScreen */ = {
			isa = PBXGroup;
			children = (
				6A6C5CAD1CB688FE00841E40 /* GameScreenClues */,
				6A6C5CA91CB6719500841E40 /* GameScreenViewController.swift */,
				6A6C5CAB1CB6854000841E40 /* GameScreenTabBarController.swift */,
			);
			name = GameScreen;
			sourceTree = "<group>";
		};
		6A6C5CAD1CB688FE00841E40 /* GameScreenClues */ = {
			isa = PBXGroup;
			children = (
				6A3FC38D1CC77C0700B69E4F /* FullClue */,
				6A6C5CB01CB6893800841E40 /* GameScreenCluesTableViewCell.swift */,
				6A6C5CB61CB68D5900841E40 /* GameScreenClueViewController.swift */,
				6AF847811CBE23E8008DB3AE /* GameScreenCluesLockedTableViewCell.swift */,
				6A3FC3901CC78D8C00B69E4F /* CluesTableViewController.swift */,
			);
			name = GameScreenClues;
			sourceTree = "<group>";
		};
		6A6D7C2A1CBE53ED00C14BA1 /* NewLocation */ = {
			isa = PBXGroup;
			children = (
				6A6D7C281CBE4F0800C14BA1 /* NewLocationViewController.swift */,
				6AFADF011CC8E4BC00F0B38C /* HuntCompletionViewController.swift */,
				6A161F021CCE1B1D00C5EC03 /* LocationFoundMediaViewController.swift */,
			);
			name = NewLocation;
			sourceTree = "<group>";
		};
		6A6D983A1CB7B35300C7989D /* CoreData */ = {
			isa = PBXGroup;
			children = (
				6A6D98121CB7B34800C7989D /* HuntCompletion+CoreDataProperties.swift */,
				6A6D98131CB7B34800C7989D /* HuntCompletion.swift */,
				6A6D98141CB7B34800C7989D /* ImageClue+CoreDataProperties.swift */,
				6A6D98151CB7B34800C7989D /* ImageClue.swift */,
				6A6D98161CB7B34800C7989D /* Beacon+CoreDataProperties.swift */,
				6A6D98171CB7B34800C7989D /* Beacon.swift */,
				6A6D98181CB7B34800C7989D /* GameMode+CoreDataProperties.swift */,
				6A6D98191CB7B34800C7989D /* GameMode.swift */,
				6A6D983D1CB7C24E00C7989D /* Hunt+CoreDataProperties.swift */,
				6A6D981B1CB7B34800C7989D /* Hunt.swift */,
				6A6D981C1CB7B34800C7989D /* LocationCompletion+CoreDataProperties.swift */,
				6A6D981D1CB7B34800C7989D /* LocationCompletion.swift */,
				6A6D981E1CB7B34800C7989D /* Completion+CoreDataProperties.swift */,
				6A6D981F1CB7B34800C7989D /* Completion.swift */,
				6A6D98201CB7B34800C7989D /* MapClue+CoreDataProperties.swift */,
				6A6D98211CB7B34800C7989D /* MapClue.swift */,
				6A6D98221CB7B34800C7989D /* Clue+CoreDataProperties.swift */,
				6A6D98231CB7B34800C7989D /* Clue.swift */,
				6A6D98241CB7B34800C7989D /* Location+CoreDataProperties.swift */,
				6A6D98251CB7B34800C7989D /* Location.swift */,
			);
			name = CoreData;
			sourceTree = "<group>";
		};
		6A90761C1CB53BA000068792 /* GameMode */ = {
			isa = PBXGroup;
			children = (
				6A9076161CB537BE00068792 /* GameModeTableViewController.swift */,
				6A9076141CB5354C00068792 /* GameModeTableViewCell.swift */,
				6A9FAEFE1CBD0F8700D74C8B /* GameModeObject.swift */,
			);
			name = GameMode;
			sourceTree = "<group>";
		};
		6A90761D1CB53BEA00068792 /* Hunt */ = {
			isa = PBXGroup;
			children = (
				6A90761E1CB53C3600068792 /* HuntTableViewCell.swift */,
				6A9076201CB53D0700068792 /* HuntTableViewController.swift */,
				6A9FAEF41CBD037600D74C8B /* HuntObject.swift */,
			);
			name = Hunt;
			sourceTree = "<group>";
		};
		6A9FAEF61CBD051600D74C8B /* Location */ = {
			isa = PBXGroup;
			children = (
				6A9FAEF71CBD052500D74C8B /* LocationObject.swift */,
				6A9FAEFA1CBD0C7000D74C8B /* ClueObject.swift */,
				6A9FAEFC1CBD0CE100D74C8B /* BeaconObject.swift */,
			);
			name = Location;
			sourceTree = "<group>";
		};
		6A9FAF001CBD165D00D74C8B /* Main Stufs */ = {
			isa = PBXGroup;
			children = (
				6A161F041CCE413800C5EC03 /* SplashScreenViewController.swift */,
				6A161F001CCE195600C5EC03 /* ImageResizer.swift */,
				6A0876C81CB3AD9400A66047 /* AppDelegate.swift */,
				6A148DD51CB64A7400D994D4 /* DataModel.xcdatamodeld */,
				6A0876CA1CB3AD9400A66047 /* ViewController.swift */,
				6A0876CC1CB3AD9400A66047 /* Main.storyboard */,
				6A0876D21CB3AD9400A66047 /* Assets.xcassets */,
				6A0876D41CB3AD9400A66047 /* LaunchScreen.storyboard */,
				6A0876D71CB3AD9400A66047 /* Info.plist */,
				6AF847801CBE1D59008DB3AE /* Singletons */,
				6A6D7C261CBE366800C14BA1 /* viewObeserverProtocol.swift */,
				6A65EA321CC4DADB006D7408 /* popupCreator.swift */,
				6A82CA6E1CC5023100707D01 /* JsonParser.swift */,
				6AFADEFF1CC8BE9800F0B38C /* TestImageContainerViewController.swift */,
			);
			name = "Main Stufs";
			sourceTree = "<group>";
		};
		6AF847801CBE1D59008DB3AE /* Singletons */ = {
			isa = PBXGroup;
			children = (
				6A6C5CA61CB664B400841E40 /* DataManager.swift */,
				6A30C51D1CBB8FAA00C28AC6 /* gameController.swift */,
				6A30C51F1CBBA62200C28AC6 /* beaconFinder.swift */,
				6A82CA6C1CC4FB7400707D01 /* HTTPRequestController.swift */,
			);
			name = Singletons;
			sourceTree = "<group>";
		};
/* End PBXGroup section */

/* Begin PBXNativeTarget section */
		6A0876C41CB3AD9400A66047 /* huntForTheSwampAss */ = {
			isa = PBXNativeTarget;
			buildConfigurationList = 6A0876E51CB3AD9400A66047 /* Build configuration list for PBXNativeTarget "huntForTheSwampAss" */;
			buildPhases = (
				6A0876C11CB3AD9400A66047 /* Sources */,
				6A0876C21CB3AD9400A66047 /* Frameworks */,
				6A0876C31CB3AD9400A66047 /* Resources */,
			);
			buildRules = (
			);
			dependencies = (
			);
			name = huntForTheSwampAss;
			productName = huntForTheSwampAss;
			productReference = 6A0876C51CB3AD9400A66047 /* Hunt for the Swamp Ass.app */;
			productType = "com.apple.product-type.application";
		};
		6A0876DB1CB3AD9400A66047 /* huntForTheSwampAssTests */ = {
			isa = PBXNativeTarget;
			buildConfigurationList = 6A0876E81CB3AD9400A66047 /* Build configuration list for PBXNativeTarget "huntForTheSwampAssTests" */;
			buildPhases = (
				6A0876D81CB3AD9400A66047 /* Sources */,
				6A0876D91CB3AD9400A66047 /* Frameworks */,
				6A0876DA1CB3AD9400A66047 /* Resources */,
			);
			buildRules = (
			);
			dependencies = (
				6A0876DE1CB3AD9400A66047 /* PBXTargetDependency */,
			);
			name = huntForTheSwampAssTests;
			productName = huntForTheSwampAssTests;
			productReference = 6A0876DC1CB3AD9400A66047 /* huntForTheSwampAssTests.xctest */;
			productType = "com.apple.product-type.bundle.unit-test";
		};
/* End PBXNativeTarget section */

/* Begin PBXProject section */
		6A0876BD1CB3AD9400A66047 /* Project object */ = {
			isa = PBXProject;
			attributes = {
				LastSwiftUpdateCheck = 0730;
				LastUpgradeCheck = 0730;
				ORGANIZATIONNAME = iosdev;
				TargetAttributes = {
					6A0876C41CB3AD9400A66047 = {
						CreatedOnToolsVersion = 7.3;
						DevelopmentTeam = BLU3VGRB8H;
					};
					6A0876DB1CB3AD9400A66047 = {
						CreatedOnToolsVersion = 7.3;
						DevelopmentTeam = 395RX3A9NB;
						TestTargetID = 6A0876C41CB3AD9400A66047;
					};
				};
			};
			buildConfigurationList = 6A0876C01CB3AD9400A66047 /* Build configuration list for PBXProject "huntForTheSwampAss" */;
			compatibilityVersion = "Xcode 3.2";
			developmentRegion = English;
			hasScannedForEncodings = 0;
			knownRegions = (
				en,
				Base,
			);
			mainGroup = 6A0876BC1CB3AD9400A66047;
			productRefGroup = 6A0876C61CB3AD9400A66047 /* Products */;
			projectDirPath = "";
			projectRoot = "";
			targets = (
				6A0876C41CB3AD9400A66047 /* huntForTheSwampAss */,
				6A0876DB1CB3AD9400A66047 /* huntForTheSwampAssTests */,
			);
		};
/* End PBXProject section */

/* Begin PBXResourcesBuildPhase section */
		6A0876C31CB3AD9400A66047 /* Resources */ = {
			isa = PBXResourcesBuildPhase;
			buildActionMask = 2147483647;
			files = (
				6A0876D61CB3AD9400A66047 /* LaunchScreen.storyboard in Resources */,
				6A0876D31CB3AD9400A66047 /* Assets.xcassets in Resources */,
				6A0876CE1CB3AD9400A66047 /* Main.storyboard in Resources */,
			);
			runOnlyForDeploymentPostprocessing = 0;
		};
		6A0876DA1CB3AD9400A66047 /* Resources */ = {
			isa = PBXResourcesBuildPhase;
			buildActionMask = 2147483647;
			files = (
			);
			runOnlyForDeploymentPostprocessing = 0;
		};
/* End PBXResourcesBuildPhase section */

/* Begin PBXSourcesBuildPhase section */
		6A0876C11CB3AD9400A66047 /* Sources */ = {
			isa = PBXSourcesBuildPhase;
			buildActionMask = 2147483647;
			files = (
				6A6D98301CB7B34800C7989D /* LocationCompletion+CoreDataProperties.swift in Sources */,
				6A161F011CCE195600C5EC03 /* ImageResizer.swift in Sources */,
				6A148DD71CB64A7400D994D4 /* DataModel.xcdatamodeld in Sources */,
				6A0876CB1CB3AD9400A66047 /* ViewController.swift in Sources */,
				6A6D98321CB7B34800C7989D /* Completion+CoreDataProperties.swift in Sources */,
				6A9FAEFD1CBD0CE100D74C8B /* BeaconObject.swift in Sources */,
				6A9076151CB5354C00068792 /* GameModeTableViewCell.swift in Sources */,
				6A9076171CB537BE00068792 /* GameModeTableViewController.swift in Sources */,
				6A6D982D1CB7B34800C7989D /* GameMode.swift in Sources */,
				6A30C51E1CBB8FAA00C28AC6 /* gameController.swift in Sources */,
				6A6D982A1CB7B34800C7989D /* Beacon+CoreDataProperties.swift in Sources */,
				6A9076211CB53D0700068792 /* HuntTableViewController.swift in Sources */,
				6A6D98351CB7B34800C7989D /* MapClue.swift in Sources */,
				6A161F031CCE1B1D00C5EC03 /* LocationFoundMediaViewController.swift in Sources */,
				6A3FC3911CC78D8C00B69E4F /* CluesTableViewController.swift in Sources */,
				6A6D7C271CBE366800C14BA1 /* viewObeserverProtocol.swift in Sources */,
				6A6D98261CB7B34800C7989D /* HuntCompletion+CoreDataProperties.swift in Sources */,
				6A6D98381CB7B34800C7989D /* Location+CoreDataProperties.swift in Sources */,
				6A6C5CAA1CB6719500841E40 /* GameScreenViewController.swift in Sources */,
				6A6D98331CB7B34800C7989D /* Completion.swift in Sources */,
				6A65EA331CC4DADB006D7408 /* popupCreator.swift in Sources */,
				6A161F051CCE413800C5EC03 /* SplashScreenViewController.swift in Sources */,
				6A9FAEF81CBD052500D74C8B /* LocationObject.swift in Sources */,
				6A6D982F1CB7B34800C7989D /* Hunt.swift in Sources */,
				6A6D982B1CB7B34800C7989D /* Beacon.swift in Sources */,
				6A6D98291CB7B34800C7989D /* ImageClue.swift in Sources */,
				6AFADF021CC8E4BC00F0B38C /* HuntCompletionViewController.swift in Sources */,
				6A9FAEFF1CBD0F8700D74C8B /* GameModeObject.swift in Sources */,
				6A9FAF021CBD23F000D74C8B /* FullClueViewController.swift in Sources */,
				6A3FC38F1CC77C5800B69E4F /* FullClueMediaViewController.swift in Sources */,
				6A6C5CA71CB664B400841E40 /* DataManager.swift in Sources */,
				6A6C5CAC1CB6854000841E40 /* GameScreenTabBarController.swift in Sources */,
				6A9FAEF51CBD037600D74C8B /* HuntObject.swift in Sources */,
				6A6C5CB71CB68D5900841E40 /* GameScreenClueViewController.swift in Sources */,
				6A6D7C291CBE4F0800C14BA1 /* NewLocationViewController.swift in Sources */,
				6A6C5CB11CB6893800841E40 /* GameScreenCluesTableViewCell.swift in Sources */,
				6A82CA6F1CC5023100707D01 /* JsonParser.swift in Sources */,
				6A6D98271CB7B34800C7989D /* HuntCompletion.swift in Sources */,
				6A6D98371CB7B34800C7989D /* Clue.swift in Sources */,
				6AFADF001CC8BE9800F0B38C /* TestImageContainerViewController.swift in Sources */,
				6A6D98391CB7B34800C7989D /* Location.swift in Sources */,
				6A6D98341CB7B34800C7989D /* MapClue+CoreDataProperties.swift in Sources */,
				6A0876C91CB3AD9400A66047 /* AppDelegate.swift in Sources */,
				6A6D98311CB7B34800C7989D /* LocationCompletion.swift in Sources */,
				6A9FAEFB1CBD0C7000D74C8B /* ClueObject.swift in Sources */,
				6A6D98361CB7B34800C7989D /* Clue+CoreDataProperties.swift in Sources */,
				6A6D98281CB7B34800C7989D /* ImageClue+CoreDataProperties.swift in Sources */,
				6A6D982C1CB7B34800C7989D /* GameMode+CoreDataProperties.swift in Sources */,
				6AF847821CBE23E8008DB3AE /* GameScreenCluesLockedTableViewCell.swift in Sources */,
				6A82CA6D1CC4FB7400707D01 /* HTTPRequestController.swift in Sources */,
				6A6D983E1CB7C24E00C7989D /* Hunt+CoreDataProperties.swift in Sources */,
				6A90761F1CB53C3600068792 /* HuntTableViewCell.swift in Sources */,
				6A30C5201CBBA62200C28AC6 /* beaconFinder.swift in Sources */,
			);
			runOnlyForDeploymentPostprocessing = 0;
		};
		6A0876D81CB3AD9400A66047 /* Sources */ = {
			isa = PBXSourcesBuildPhase;
			buildActionMask = 2147483647;
			files = (
				6A0876E11CB3AD9400A66047 /* huntForTheSwampAssTests.swift in Sources */,
			);
			runOnlyForDeploymentPostprocessing = 0;
		};
/* End PBXSourcesBuildPhase section */

/* Begin PBXTargetDependency section */
		6A0876DE1CB3AD9400A66047 /* PBXTargetDependency */ = {
			isa = PBXTargetDependency;
			target = 6A0876C41CB3AD9400A66047 /* huntForTheSwampAss */;
			targetProxy = 6A0876DD1CB3AD9400A66047 /* PBXContainerItemProxy */;
		};
/* End PBXTargetDependency section */

/* Begin PBXVariantGroup section */
		6A0876CC1CB3AD9400A66047 /* Main.storyboard */ = {
			isa = PBXVariantGroup;
			children = (
				6A0876CD1CB3AD9400A66047 /* Base */,
			);
			name = Main.storyboard;
			path = huntForTheSwampAss;
			sourceTree = "<group>";
		};
		6A0876D41CB3AD9400A66047 /* LaunchScreen.storyboard */ = {
			isa = PBXVariantGroup;
			children = (
				6A0876D51CB3AD9400A66047 /* Base */,
			);
			name = LaunchScreen.storyboard;
			path = huntForTheSwampAss;
			sourceTree = "<group>";
		};
/* End PBXVariantGroup section */

/* Begin XCBuildConfiguration section */
		6A0876E31CB3AD9400A66047 /* Debug */ = {
			isa = XCBuildConfiguration;
			buildSettings = {
				ALWAYS_SEARCH_USER_PATHS = NO;
				CLANG_ANALYZER_NONNULL = YES;
				CLANG_CXX_LANGUAGE_STANDARD = "gnu++0x";
				CLANG_CXX_LIBRARY = "libc++";
				CLANG_ENABLE_MODULES = YES;
				CLANG_ENABLE_OBJC_ARC = YES;
				CLANG_WARN_BOOL_CONVERSION = YES;
				CLANG_WARN_CONSTANT_CONVERSION = YES;
				CLANG_WARN_DIRECT_OBJC_ISA_USAGE = YES_ERROR;
				CLANG_WARN_EMPTY_BODY = YES;
				CLANG_WARN_ENUM_CONVERSION = YES;
				CLANG_WARN_INT_CONVERSION = YES;
				CLANG_WARN_OBJC_ROOT_CLASS = YES_ERROR;
				CLANG_WARN_UNREACHABLE_CODE = YES;
				CLANG_WARN__DUPLICATE_METHOD_MATCH = YES;
				"CODE_SIGN_IDENTITY[sdk=iphoneos*]" = "iPhone Developer";
				COPY_PHASE_STRIP = NO;
				DEBUG_INFORMATION_FORMAT = dwarf;
				ENABLE_STRICT_OBJC_MSGSEND = YES;
				ENABLE_TESTABILITY = YES;
				GCC_C_LANGUAGE_STANDARD = gnu99;
				GCC_DYNAMIC_NO_PIC = NO;
				GCC_NO_COMMON_BLOCKS = YES;
				GCC_OPTIMIZATION_LEVEL = 0;
				GCC_PREPROCESSOR_DEFINITIONS = (
					"DEBUG=1",
					"$(inherited)",
				);
				GCC_WARN_64_TO_32_BIT_CONVERSION = YES;
				GCC_WARN_ABOUT_RETURN_TYPE = YES_ERROR;
				GCC_WARN_UNDECLARED_SELECTOR = YES;
				GCC_WARN_UNINITIALIZED_AUTOS = YES_AGGRESSIVE;
				GCC_WARN_UNUSED_FUNCTION = YES;
				GCC_WARN_UNUSED_VARIABLE = YES;
				IPHONEOS_DEPLOYMENT_TARGET = 9.3;
				MTL_ENABLE_DEBUG_INFO = YES;
				ONLY_ACTIVE_ARCH = YES;
				SDKROOT = iphoneos;
				SWIFT_OPTIMIZATION_LEVEL = "-Onone";
				TARGETED_DEVICE_FAMILY = "1,2";
			};
			name = Debug;
		};
		6A0876E41CB3AD9400A66047 /* Release */ = {
			isa = XCBuildConfiguration;
			buildSettings = {
				ALWAYS_SEARCH_USER_PATHS = NO;
				CLANG_ANALYZER_NONNULL = YES;
				CLANG_CXX_LANGUAGE_STANDARD = "gnu++0x";
				CLANG_CXX_LIBRARY = "libc++";
				CLANG_ENABLE_MODULES = YES;
				CLANG_ENABLE_OBJC_ARC = YES;
				CLANG_WARN_BOOL_CONVERSION = YES;
				CLANG_WARN_CONSTANT_CONVERSION = YES;
				CLANG_WARN_DIRECT_OBJC_ISA_USAGE = YES_ERROR;
				CLANG_WARN_EMPTY_BODY = YES;
				CLANG_WARN_ENUM_CONVERSION = YES;
				CLANG_WARN_INT_CONVERSION = YES;
				CLANG_WARN_OBJC_ROOT_CLASS = YES_ERROR;
				CLANG_WARN_UNREACHABLE_CODE = YES;
				CLANG_WARN__DUPLICATE_METHOD_MATCH = YES;
				"CODE_SIGN_IDENTITY[sdk=iphoneos*]" = "iPhone Developer";
				COPY_PHASE_STRIP = NO;
				DEBUG_INFORMATION_FORMAT = "dwarf-with-dsym";
				ENABLE_NS_ASSERTIONS = NO;
				ENABLE_STRICT_OBJC_MSGSEND = YES;
				GCC_C_LANGUAGE_STANDARD = gnu99;
				GCC_NO_COMMON_BLOCKS = YES;
				GCC_WARN_64_TO_32_BIT_CONVERSION = YES;
				GCC_WARN_ABOUT_RETURN_TYPE = YES_ERROR;
				GCC_WARN_UNDECLARED_SELECTOR = YES;
				GCC_WARN_UNINITIALIZED_AUTOS = YES_AGGRESSIVE;
				GCC_WARN_UNUSED_FUNCTION = YES;
				GCC_WARN_UNUSED_VARIABLE = YES;
				IPHONEOS_DEPLOYMENT_TARGET = 9.3;
				MTL_ENABLE_DEBUG_INFO = NO;
				SDKROOT = iphoneos;
				TARGETED_DEVICE_FAMILY = "1,2";
				VALIDATE_PRODUCT = YES;
			};
			name = Release;
		};
		6A0876E61CB3AD9400A66047 /* Debug */ = {
			isa = XCBuildConfiguration;
			buildSettings = {
				ASSETCATALOG_COMPILER_APPICON_NAME = AppIcon;
				CODE_SIGN_IDENTITY = "iPhone Developer";
				"CODE_SIGN_IDENTITY[sdk=iphoneos*]" = "iPhone Developer";
				INFOPLIST_FILE = huntForTheSwampAss/Info.plist;
				IPHONEOS_DEPLOYMENT_TARGET = 9.2;
				LD_RUNPATH_SEARCH_PATHS = "$(inherited) @executable_path/Frameworks";
				PRODUCT_BUNDLE_IDENTIFIER = fi.metropolia.huntForTheSwampAss;
				PRODUCT_NAME = "Hunt for the Swamp Ass";
				PROVISIONING_PROFILE = "";
			};
			name = Debug;
		};
		6A0876E71CB3AD9400A66047 /* Release */ = {
			isa = XCBuildConfiguration;
			buildSettings = {
				ASSETCATALOG_COMPILER_APPICON_NAME = AppIcon;
				CODE_SIGN_IDENTITY = "iPhone Developer";
				"CODE_SIGN_IDENTITY[sdk=iphoneos*]" = "iPhone Developer";
				INFOPLIST_FILE = huntForTheSwampAss/Info.plist;
				IPHONEOS_DEPLOYMENT_TARGET = 9.2;
				LD_RUNPATH_SEARCH_PATHS = "$(inherited) @executable_path/Frameworks";
				PRODUCT_BUNDLE_IDENTIFIER = fi.metropolia.huntForTheSwampAss;
				PRODUCT_NAME = "Hunt for the Swamp Ass";
				PROVISIONING_PROFILE = "";
			};
			name = Release;
		};
		6A0876E91CB3AD9400A66047 /* Debug */ = {
			isa = XCBuildConfiguration;
			buildSettings = {
				BUNDLE_LOADER = "$(TEST_HOST)";
				INFOPLIST_FILE = huntForTheSwampAssTests/Info.plist;
				LD_RUNPATH_SEARCH_PATHS = "$(inherited) @executable_path/Frameworks @loader_path/Frameworks";
				PRODUCT_BUNDLE_IDENTIFIER = isodev.example.huntForTheSwampAssTests;
				PRODUCT_NAME = "$(TARGET_NAME)";
				TEST_HOST = "$(BUILT_PRODUCTS_DIR)/huntForTheSwampAss.app/huntForTheSwampAss";
			};
			name = Debug;
		};
		6A0876EA1CB3AD9400A66047 /* Release */ = {
			isa = XCBuildConfiguration;
			buildSettings = {
				BUNDLE_LOADER = "$(TEST_HOST)";
				INFOPLIST_FILE = huntForTheSwampAssTests/Info.plist;
				LD_RUNPATH_SEARCH_PATHS = "$(inherited) @executable_path/Frameworks @loader_path/Frameworks";
				PRODUCT_BUNDLE_IDENTIFIER = isodev.example.huntForTheSwampAssTests;
				PRODUCT_NAME = "$(TARGET_NAME)";
				TEST_HOST = "$(BUILT_PRODUCTS_DIR)/huntForTheSwampAss.app/huntForTheSwampAss";
			};
			name = Release;
		};
/* End XCBuildConfiguration section */

/* Begin XCConfigurationList section */
		6A0876C01CB3AD9400A66047 /* Build configuration list for PBXProject "huntForTheSwampAss" */ = {
			isa = XCConfigurationList;
			buildConfigurations = (
				6A0876E31CB3AD9400A66047 /* Debug */,
				6A0876E41CB3AD9400A66047 /* Release */,
			);
			defaultConfigurationIsVisible = 0;
			defaultConfigurationName = Release;
		};
		6A0876E51CB3AD9400A66047 /* Build configuration list for PBXNativeTarget "huntForTheSwampAss" */ = {
			isa = XCConfigurationList;
			buildConfigurations = (
				6A0876E61CB3AD9400A66047 /* Debug */,
				6A0876E71CB3AD9400A66047 /* Release */,
			);
			defaultConfigurationIsVisible = 0;
			defaultConfigurationName = Release;
		};
		6A0876E81CB3AD9400A66047 /* Build configuration list for PBXNativeTarget "huntForTheSwampAssTests" */ = {
			isa = XCConfigurationList;
			buildConfigurations = (
				6A0876E91CB3AD9400A66047 /* Debug */,
				6A0876EA1CB3AD9400A66047 /* Release */,
			);
			defaultConfigurationIsVisible = 0;
			defaultConfigurationName = Release;
		};
/* End XCConfigurationList section */

/* Begin XCVersionGroup section */
		6A148DD51CB64A7400D994D4 /* DataModel.xcdatamodeld */ = {
			isa = XCVersionGroup;
			children = (
				6A148DD61CB64A7400D994D4 /* DataModel.xcdatamodel */,
			);
			currentVersion = 6A148DD61CB64A7400D994D4 /* DataModel.xcdatamodel */;
			name = DataModel.xcdatamodeld;
			path = huntForTheSwampAss/DataModel.xcdatamodeld;
			sourceTree = "<group>";
			versionGroupType = wrapper.xcdatamodel;
		};
/* End XCVersionGroup section */
	};
	rootObject = 6A0876BD1CB3AD9400A66047 /* Project object */;
}
